Microsoft Visual Studio Solution File, Format Version 8.00
Project("{FAE04EC0-301F-11D3-BF4B-00C04F79EFBC}") = "Web", "http://localhost/ifolder/Web.csproj", "{28CE7989-4785-43AF-9FB4-FD54E85E30C8}"
	ProjectSection(ProjectDependencies) = postProject
	EndProjectSection
EndProject
Project("{FAE04EC0-301F-11D3-BF4B-00C04F79EFBC}") = "Client", "src\Client\Client.csproj", "{18D016C3-FD18-492E-82C1-1BC58DE32AE2}"
	ProjectSection(ProjectDependencies) = postProject
	EndProjectSection
EndProject
Global
	GlobalSection(SolutionConfiguration) = preSolution
		Debug = Debug
		Release = Release
	EndGlobalSection
	GlobalSection(ProjectConfiguration) = postSolution
		{28CE7989-4785-43AF-9FB4-FD54E85E30C8}.Debug.ActiveCfg = Debug|.NET
		{28CE7989-4785-43AF-9FB4-FD54E85E30C8}.Debug.Build.0 = Debug|.NET
		{28CE7989-4785-43AF-9FB4-FD54E85E30C8}.Release.ActiveCfg = Release|.NET
		{28CE7989-4785-43AF-9FB4-FD54E85E30C8}.Release.Build.0 = Release|.NET
		{18D016C3-FD18-492E-82C1-1BC58DE32AE2}.Debug.ActiveCfg = Debug|.NET
		{18D016C3-FD18-492E-82C1-1BC58DE32AE2}.Debug.Build.0 = Debug|.NET
		{18D016C3-FD18-492E-82C1-1BC58DE32AE2}.Release.ActiveCfg = Release|.NET
		{18D016C3-FD18-492E-82C1-1BC58DE32AE2}.Release.Build.0 = Release|.NET
	EndGlobalSection
	GlobalSection(ExtensibilityGlobals) = postSolution
	EndGlobalSection
	GlobalSection(ExtensibilityAddIns) = postSolution
	EndGlobalSection
EndGlobal
