<?xml version="1.0" encoding="utf-8"?>
<Project ToolsVersion="4.0" xmlns="http://schemas.microsoft.com/developer/msbuild/2003">
  <ItemGroup>
    <Filter Include="Source Files">
      <UniqueIdentifier>{3c26165d-7184-4bbb-8da7-b1a045c5877f}</UniqueIdentifier>
      <Extensions>cpp;c;cxx;rc;def;r;odl;idl;hpj;bat</Extensions>
    </Filter>
    <Filter Include="Header Files">
      <UniqueIdentifier>{c1fff1c7-da4b-4fe0-ae67-938048f91f1b}</UniqueIdentifier>
      <Extensions>h;hpp;hxx;hm;inl</Extensions>
    </Filter>
    <Filter Include="Resource Files">
      <UniqueIdentifier>{73ad1240-ab70-43b0-a3dd-212209967e27}</UniqueIdentifier>
      <Extensions>ico;cur;bmp;dlg;rc2;rct;bin;rgs;gif;jpg;jpeg;jpe</Extensions>
    </Filter>
  </ItemGroup>
  <ItemGroup>
    <ClCompile Include="CSPObjectIterator.cpp">
      <Filter>Source Files</Filter>
    </ClCompile>
    <ClCompile Include="CSPropertyIterator.cpp">
      <Filter>Source Files</Filter>
    </ClCompile>
    <ClCompile Include="CSPStore.cpp">
      <Filter>Source Files</Filter>
    </ClCompile>
    <ClCompile Include="CSPStoreObject.cpp">
      <Filter>Source Files</Filter>
    </ClCompile>
    <ClCompile Include="FlaimWrapper.cpp">
      <Filter>Source Files</Filter>
    </ClCompile>
  </ItemGroup>
  <ItemGroup>
    <ClInclude Include="CSPObjectIterator.h">
      <Filter>Header Files</Filter>
    </ClInclude>
    <ClInclude Include="CSPropertyIterator.h">
      <Filter>Header Files</Filter>
    </ClInclude>
    <ClInclude Include="CSPStore.h">
      <Filter>Header Files</Filter>
    </ClInclude>
    <ClInclude Include="CSPStoreObject.h">
      <Filter>Header Files</Filter>
    </ClInclude>
    <ClInclude Include="CSPType.h">
      <Filter>Header Files</Filter>
    </ClInclude>
    <ClInclude Include="FlaimWrapper.h">
      <Filter>Header Files</Filter>
    </ClInclude>
  </ItemGroup>
  <ItemGroup>
    <None Include="ReadMe.txt" />
  </ItemGroup>
</Project>