Microsoft Visual Studio Solution File, Format Version 8.00
Project("{FAE04EC0-301F-11D3-BF4B-00C04F79EFBC}") = "Simias.Rss", "Simias.Rss.csproj", "{A46785EE-0100-4033-8872-CA9BD4B2400E}"
	ProjectSection(ProjectDependencies) = postProject
	EndProjectSection
EndProject
Global
	GlobalSection(SolutionConfiguration) = preSolution
		Debug = Debug
		Release = Release
	EndGlobalSection
	GlobalSection(ProjectConfiguration) = postSolution
		{A46785EE-0100-4033-8872-CA9BD4B2400E}.Debug.ActiveCfg = Debug|.NET
		{A46785EE-0100-4033-8872-CA9BD4B2400E}.Debug.Build.0 = Debug|.NET
		{A46785EE-0100-4033-8872-CA9BD4B2400E}.Release.ActiveCfg = Release|.NET
		{A46785EE-0100-4033-8872-CA9BD4B2400E}.Release.Build.0 = Release|.NET
	EndGlobalSection
	GlobalSection(ExtensibilityGlobals) = postSolution
	EndGlobalSection
	GlobalSection(ExtensibilityAddIns) = postSolution
	EndGlobalSection
EndGlobal
