Microsoft Visual Studio Solution File, Format Version 8.00
Project("{FAE04EC0-301F-11D3-BF4B-00C04F79EFBC}") = "iFolder.WebService", "src\iFolder.WebService\iFolder.WebService.csproj", "{0F363672-13F2-4B0D-8F5C-D53273119499}"
	ProjectSection(ProjectDependencies) = postProject
	EndProjectSection
EndProject
Project("{FAE04EC0-301F-11D3-BF4B-00C04F79EFBC}") = "Simias.HttpFile", "src\Simias.HttpFile\Simias.HttpFile.csproj", "{E8C645DE-5067-4546-AC84-867F8381792C}"
	ProjectSection(ProjectDependencies) = postProject
	EndProjectSection
EndProject
Project("{FAE04EC0-301F-11D3-BF4B-00C04F79EFBC}") = "Simias.Server", "src\Simias.Server\Simias.Server.csproj", "{6629684D-F292-4B65-BA3E-299952BACB0A}"
	ProjectSection(ProjectDependencies) = postProject
	EndProjectSection
EndProject
Project("{FAE04EC0-301F-11D3-BF4B-00C04F79EFBC}") = "Simias.Rss", "src\Simias.Rss\Simias.Rss.csproj", "{5B169F8C-4159-4E28-8BD1-AF28B835904E}"
	ProjectSection(ProjectDependencies) = postProject
	EndProjectSection
EndProject
Global
	GlobalSection(SolutionConfiguration) = preSolution
		Debug = Debug
		Release = Release
	EndGlobalSection
	GlobalSection(ProjectConfiguration) = postSolution
		{0F363672-13F2-4B0D-8F5C-D53273119499}.Debug.ActiveCfg = Debug|.NET
		{0F363672-13F2-4B0D-8F5C-D53273119499}.Debug.Build.0 = Debug|.NET
		{0F363672-13F2-4B0D-8F5C-D53273119499}.Release.ActiveCfg = Release|.NET
		{0F363672-13F2-4B0D-8F5C-D53273119499}.Release.Build.0 = Release|.NET
		{E8C645DE-5067-4546-AC84-867F8381792C}.Debug.ActiveCfg = Debug|.NET
		{E8C645DE-5067-4546-AC84-867F8381792C}.Debug.Build.0 = Debug|.NET
		{E8C645DE-5067-4546-AC84-867F8381792C}.Release.ActiveCfg = Release|.NET
		{E8C645DE-5067-4546-AC84-867F8381792C}.Release.Build.0 = Release|.NET
		{6629684D-F292-4B65-BA3E-299952BACB0A}.Debug.ActiveCfg = Debug|.NET
		{6629684D-F292-4B65-BA3E-299952BACB0A}.Debug.Build.0 = Debug|.NET
		{6629684D-F292-4B65-BA3E-299952BACB0A}.Release.ActiveCfg = Release|.NET
		{6629684D-F292-4B65-BA3E-299952BACB0A}.Release.Build.0 = Release|.NET
		{5B169F8C-4159-4E28-8BD1-AF28B835904E}.Debug.ActiveCfg = Debug|.NET
		{5B169F8C-4159-4E28-8BD1-AF28B835904E}.Debug.Build.0 = Debug|.NET
		{5B169F8C-4159-4E28-8BD1-AF28B835904E}.Release.ActiveCfg = Release|.NET
		{5B169F8C-4159-4E28-8BD1-AF28B835904E}.Release.Build.0 = Release|.NET
	EndGlobalSection
	GlobalSection(ExtensibilityGlobals) = postSolution
	EndGlobalSection
	GlobalSection(ExtensibilityAddIns) = postSolution
	EndGlobalSection
EndGlobal
